
Microsoft Visual Studio Solution File, Format Version 12.00
# Visual Studio Version 16
VisualStudioVersion = 16.0.30717.126
MinimumVisualStudioVersion = 10.0.40219.1
Project("{9A19103F-16F7-4668-BE54-9A1E7A4F7556}") = "EventProducer", "EventProducer\EventProducer.csproj", "{78E3C98C-7BEE-4612-A133-B65BFE3493FA}"
EndProject
Global
	GlobalSection(SolutionConfigurationPlatforms) = preSolution
		Debug|Any CPU = Debug|Any CPU
		Release|Any CPU = Release|Any CPU
	EndGlobalSection
	GlobalSection(ProjectConfigurationPlatforms) = postSolution
		{78E3C98C-7BEE-4612-A133-B65BFE3493FA}.Debug|Any CPU.ActiveCfg = Debug|Any CPU
		{78E3C98C-7BEE-4612-A133-B65BFE3493FA}.Debug|Any CPU.Build.0 = Debug|Any CPU
		{78E3C98C-7BEE-4612-A133-B65BFE3493FA}.Release|Any CPU.ActiveCfg = Release|Any CPU
		{78E3C98C-7BEE-4612-A133-B65BFE3493FA}.Release|Any CPU.Build.0 = Release|Any CPU
	EndGlobalSection
	GlobalSection(SolutionProperties) = preSolution
		HideSolutionNode = FALSE
	EndGlobalSection
	GlobalSection(ExtensibilityGlobals) = postSolution
		SolutionGuid = {35C3F868-568F-4AC7-AF16-EEF69B0E866C}
	EndGlobalSection
EndGlobal
