
Microsoft Visual Studio Solution File, Format Version 12.00
# Visual Studio Version 16
VisualStudioVersion = 16.0.31129.286
MinimumVisualStudioVersion = 10.0.40219.1
Project("{FAE04EC0-301F-11D3-BF4B-00C04F79EFBC}") = "DataLakeRBAC", "DataLakeRBAC\DataLakeRBAC.csproj", "{185A69AB-DFF6-42D9-9EE8-42B97B23ECCB}"
EndProject
Global
	GlobalSection(SolutionConfigurationPlatforms) = preSolution
		Debug|Any CPU = Debug|Any CPU
		Release|Any CPU = Release|Any CPU
	EndGlobalSection
	GlobalSection(ProjectConfigurationPlatforms) = postSolution
		{185A69AB-DFF6-42D9-9EE8-42B97B23ECCB}.Debug|Any CPU.ActiveCfg = Debug|Any CPU
		{185A69AB-DFF6-42D9-9EE8-42B97B23ECCB}.Debug|Any CPU.Build.0 = Debug|Any CPU
		{185A69AB-DFF6-42D9-9EE8-42B97B23ECCB}.Release|Any CPU.ActiveCfg = Release|Any CPU
		{185A69AB-DFF6-42D9-9EE8-42B97B23ECCB}.Release|Any CPU.Build.0 = Release|Any CPU
	EndGlobalSection
	GlobalSection(SolutionProperties) = preSolution
		HideSolutionNode = FALSE
	EndGlobalSection
	GlobalSection(ExtensibilityGlobals) = postSolution
		SolutionGuid = {553D0822-654F-4007-8BF6-82506F5B5D6D}
	EndGlobalSection
EndGlobal
