
Microsoft Visual Studio Solution File, Format Version 12.00
# Visual Studio Version 16
VisualStudioVersion = 16.0.30717.126
MinimumVisualStudioVersion = 10.0.40219.1
Project("{FAE04EC0-301F-11D3-BF4B-00C04F79EFBC}") = "RedisDemo", "RedisDemo\RedisDemo.csproj", "{B92E132E-E3A7-4661-8E7A-A9DCD557D37E}"
EndProject
Global
	GlobalSection(SolutionConfigurationPlatforms) = preSolution
		Debug|Any CPU = Debug|Any CPU
		Release|Any CPU = Release|Any CPU
	EndGlobalSection
	GlobalSection(ProjectConfigurationPlatforms) = postSolution
		{B92E132E-E3A7-4661-8E7A-A9DCD557D37E}.Debug|Any CPU.ActiveCfg = Debug|Any CPU
		{B92E132E-E3A7-4661-8E7A-A9DCD557D37E}.Debug|Any CPU.Build.0 = Debug|Any CPU
		{B92E132E-E3A7-4661-8E7A-A9DCD557D37E}.Release|Any CPU.ActiveCfg = Release|Any CPU
		{B92E132E-E3A7-4661-8E7A-A9DCD557D37E}.Release|Any CPU.Build.0 = Release|Any CPU
	EndGlobalSection
	GlobalSection(SolutionProperties) = preSolution
		HideSolutionNode = FALSE
	EndGlobalSection
	GlobalSection(ExtensibilityGlobals) = postSolution
		SolutionGuid = {B422EA2A-E7F5-461A-89EF-CBE7E7F8FCF0}
	EndGlobalSection
EndGlobal
